{
	"name": "@elgato/prettier-config",
	"version": "0.1.0",
	"lockfileVersion": 3,
	"requires": true,
	"packages": {
		"": {
			"name": "@elgato/prettier-config",
			"version": "0.1.0",
			"license": "MIT",
			"peerDependencies": {
				"@trivago/prettier-plugin-sort-imports": "^4.3.0",
				"prettier": "^3.2.5",
				"prettier-plugin-multiline-arrays": "^3.0.4"
			}
		},
		"node_modules/@augment-vir/common": {
			"version": "23.4.0",
			"license": "MIT",
			"peer": true,
			"dependencies": {
				"browser-or-node": "^2.1.1",
				"run-time-assertions": "^1.0.0",
				"type-fest": "^4.10.2"
			}
		},
		"node_modules/@babel/code-frame": {
			"version": "7.23.5",
			"license": "MIT",
			"peer": true,
			"dependencies": {
				"@babel/highlight": "^7.23.4",
				"chalk": "^2.4.2"
			},
			"engines": {
				"node": ">=6.9.0"
			}
		},
		"node_modules/@babel/generator": {
			"version": "7.17.7",
			"license": "MIT",
			"peer": true,
			"dependencies": {
				"@babel/types": "^7.17.0",
				"jsesc": "^2.5.1",
				"source-map": "^0.5.0"
			},
			"engines": {
				"node": ">=6.9.0"
			}
		},
		"node_modules/@babel/helper-environment-visitor": {
			"version": "7.22.20",
			"license": "MIT",
			"peer": true,
			"engines": {
				"node": ">=6.9.0"
			}
		},
		"node_modules/@babel/helper-function-name": {
			"version": "7.23.0",
			"license": "MIT",
			"peer": true,
			"dependencies": {
				"@babel/template": "^7.22.15",
				"@babel/types": "^7.23.0"
			},
			"engines": {
				"node": ">=6.9.0"
			}
		},
		"node_modules/@babel/helper-function-name/node_modules/@babel/types": {
			"version": "7.24.0",
			"license": "MIT",
			"peer": true,
			"dependencies": {
				"@babel/helper-string-parser": "^7.23.4",
				"@babel/helper-validator-identifier": "^7.22.20",
				"to-fast-properties": "^2.0.0"
			},
			"engines": {
				"node": ">=6.9.0"
			}
		},
		"node_modules/@babel/helper-hoist-variables": {
			"version": "7.22.5",
			"license": "MIT",
			"peer": true,
			"dependencies": {
				"@babel/types": "^7.22.5"
			},
			"engines": {
				"node": ">=6.9.0"
			}
		},
		"node_modules/@babel/helper-hoist-variables/node_modules/@babel/types": {
			"version": "7.24.0",
			"license": "MIT",
			"peer": true,
			"dependencies": {
				"@babel/helper-string-parser": "^7.23.4",
				"@babel/helper-validator-identifier": "^7.22.20",
				"to-fast-properties": "^2.0.0"
			},
			"engines": {
				"node": ">=6.9.0"
			}
		},
		"node_modules/@babel/helper-split-export-declaration": {
			"version": "7.22.6",
			"license": "MIT",
			"peer": true,
			"dependencies": {
				"@babel/types": "^7.22.5"
			},
			"engines": {
				"node": ">=6.9.0"
			}
		},
		"node_modules/@babel/helper-split-export-declaration/node_modules/@babel/types": {
			"version": "7.24.0",
			"license": "MIT",
			"peer": true,
			"dependencies": {
				"@babel/helper-string-parser": "^7.23.4",
				"@babel/helper-validator-identifier": "^7.22.20",
				"to-fast-properties": "^2.0.0"
			},
			"engines": {
				"node": ">=6.9.0"
			}
		},
		"node_modules/@babel/helper-string-parser": {
			"version": "7.23.4",
			"license": "MIT",
			"peer": true,
			"engines": {
				"node": ">=6.9.0"
			}
		},
		"node_modules/@babel/helper-validator-identifier": {
			"version": "7.22.20",
			"license": "MIT",
			"peer": true,
			"engines": {
				"node": ">=6.9.0"
			}
		},
		"node_modules/@babel/highlight": {
			"version": "7.23.4",
			"license": "MIT",
			"peer": true,
			"dependencies": {
				"@babel/helper-validator-identifier": "^7.22.20",
				"chalk": "^2.4.2",
				"js-tokens": "^4.0.0"
			},
			"engines": {
				"node": ">=6.9.0"
			}
		},
		"node_modules/@babel/parser": {
			"version": "7.24.0",
			"license": "MIT",
			"peer": true,
			"bin": {
				"parser": "bin/babel-parser.js"
			},
			"engines": {
				"node": ">=6.0.0"
			}
		},
		"node_modules/@babel/template": {
			"version": "7.24.0",
			"license": "MIT",
			"peer": true,
			"dependencies": {
				"@babel/code-frame": "^7.23.5",
				"@babel/parser": "^7.24.0",
				"@babel/types": "^7.24.0"
			},
			"engines": {
				"node": ">=6.9.0"
			}
		},
		"node_modules/@babel/template/node_modules/@babel/types": {
			"version": "7.24.0",
			"license": "MIT",
			"peer": true,
			"dependencies": {
				"@babel/helper-string-parser": "^7.23.4",
				"@babel/helper-validator-identifier": "^7.22.20",
				"to-fast-properties": "^2.0.0"
			},
			"engines": {
				"node": ">=6.9.0"
			}
		},
		"node_modules/@babel/traverse": {
			"version": "7.23.2",
			"license": "MIT",
			"peer": true,
			"dependencies": {
				"@babel/code-frame": "^7.22.13",
				"@babel/generator": "^7.23.0",
				"@babel/helper-environment-visitor": "^7.22.20",
				"@babel/helper-function-name": "^7.23.0",
				"@babel/helper-hoist-variables": "^7.22.5",
				"@babel/helper-split-export-declaration": "^7.22.6",
				"@babel/parser": "^7.23.0",
				"@babel/types": "^7.23.0",
				"debug": "^4.1.0",
				"globals": "^11.1.0"
			},
			"engines": {
				"node": ">=6.9.0"
			}
		},
		"node_modules/@babel/traverse/node_modules/@babel/generator": {
			"version": "7.23.6",
			"license": "MIT",
			"peer": true,
			"dependencies": {
				"@babel/types": "^7.23.6",
				"@jridgewell/gen-mapping": "^0.3.2",
				"@jridgewell/trace-mapping": "^0.3.17",
				"jsesc": "^2.5.1"
			},
			"engines": {
				"node": ">=6.9.0"
			}
		},
		"node_modules/@babel/traverse/node_modules/@babel/types": {
			"version": "7.24.0",
			"license": "MIT",
			"peer": true,
			"dependencies": {
				"@babel/helper-string-parser": "^7.23.4",
				"@babel/helper-validator-identifier": "^7.22.20",
				"to-fast-properties": "^2.0.0"
			},
			"engines": {
				"node": ">=6.9.0"
			}
		},
		"node_modules/@babel/types": {
			"version": "7.17.0",
			"license": "MIT",
			"peer": true,
			"dependencies": {
				"@babel/helper-validator-identifier": "^7.16.7",
				"to-fast-properties": "^2.0.0"
			},
			"engines": {
				"node": ">=6.9.0"
			}
		},
		"node_modules/@jridgewell/gen-mapping": {
			"version": "0.3.5",
			"license": "MIT",
			"peer": true,
			"dependencies": {
				"@jridgewell/set-array": "^1.2.1",
				"@jridgewell/sourcemap-codec": "^1.4.10",
				"@jridgewell/trace-mapping": "^0.3.24"
			},
			"engines": {
				"node": ">=6.0.0"
			}
		},
		"node_modules/@jridgewell/resolve-uri": {
			"version": "3.1.2",
			"license": "MIT",
			"peer": true,
			"engines": {
				"node": ">=6.0.0"
			}
		},
		"node_modules/@jridgewell/set-array": {
			"version": "1.2.1",
			"license": "MIT",
			"peer": true,
			"engines": {
				"node": ">=6.0.0"
			}
		},
		"node_modules/@jridgewell/sourcemap-codec": {
			"version": "1.4.15",
			"license": "MIT",
			"peer": true
		},
		"node_modules/@jridgewell/trace-mapping": {
			"version": "0.3.25",
			"license": "MIT",
			"peer": true,
			"dependencies": {
				"@jridgewell/resolve-uri": "^3.1.0",
				"@jridgewell/sourcemap-codec": "^1.4.14"
			}
		},
		"node_modules/@trivago/prettier-plugin-sort-imports": {
			"version": "4.3.0",
			"license": "Apache-2.0",
			"peer": true,
			"dependencies": {
				"@babel/generator": "7.17.7",
				"@babel/parser": "^7.20.5",
				"@babel/traverse": "7.23.2",
				"@babel/types": "7.17.0",
				"javascript-natural-sort": "0.7.1",
				"lodash": "^4.17.21"
			},
			"peerDependencies": {
				"@vue/compiler-sfc": "3.x",
				"prettier": "2.x - 3.x"
			},
			"peerDependenciesMeta": {
				"@vue/compiler-sfc": {
					"optional": true
				}
			}
		},
		"node_modules/ansi-styles": {
			"version": "3.2.1",
			"license": "MIT",
			"peer": true,
			"dependencies": {
				"color-convert": "^1.9.0"
			},
			"engines": {
				"node": ">=4"
			}
		},
		"node_modules/browser-or-node": {
			"version": "2.1.1",
			"license": "MIT",
			"peer": true
		},
		"node_modules/chalk": {
			"version": "2.4.2",
			"license": "MIT",
			"peer": true,
			"dependencies": {
				"ansi-styles": "^3.2.1",
				"escape-string-regexp": "^1.0.5",
				"supports-color": "^5.3.0"
			},
			"engines": {
				"node": ">=4"
			}
		},
		"node_modules/color-convert": {
			"version": "1.9.3",
			"license": "MIT",
			"peer": true,
			"dependencies": {
				"color-name": "1.1.3"
			}
		},
		"node_modules/color-name": {
			"version": "1.1.3",
			"license": "MIT",
			"peer": true
		},
		"node_modules/debug": {
			"version": "4.3.4",
			"license": "MIT",
			"peer": true,
			"dependencies": {
				"ms": "2.1.2"
			},
			"engines": {
				"node": ">=6.0"
			},
			"peerDependenciesMeta": {
				"supports-color": {
					"optional": true
				}
			}
		},
		"node_modules/escape-string-regexp": {
			"version": "1.0.5",
			"license": "MIT",
			"peer": true,
			"engines": {
				"node": ">=0.8.0"
			}
		},
		"node_modules/expect-type": {
			"version": "0.15.0",
			"license": "Apache-2.0",
			"peer": true
		},
		"node_modules/globals": {
			"version": "11.12.0",
			"license": "MIT",
			"peer": true,
			"engines": {
				"node": ">=4"
			}
		},
		"node_modules/has-flag": {
			"version": "3.0.0",
			"license": "MIT",
			"peer": true,
			"engines": {
				"node": ">=4"
			}
		},
		"node_modules/javascript-natural-sort": {
			"version": "0.7.1",
			"license": "MIT",
			"peer": true
		},
		"node_modules/js-tokens": {
			"version": "4.0.0",
			"license": "MIT",
			"peer": true
		},
		"node_modules/jsesc": {
			"version": "2.5.2",
			"license": "MIT",
			"peer": true,
			"bin": {
				"jsesc": "bin/jsesc"
			},
			"engines": {
				"node": ">=4"
			}
		},
		"node_modules/lodash": {
			"version": "4.17.21",
			"license": "MIT",
			"peer": true
		},
		"node_modules/ms": {
			"version": "2.1.2",
			"license": "MIT",
			"peer": true
		},
		"node_modules/prettier": {
			"version": "3.2.5",
			"license": "MIT",
			"peer": true,
			"bin": {
				"prettier": "bin/prettier.cjs"
			},
			"engines": {
				"node": ">=14"
			},
			"funding": {
				"url": "https://github.com/prettier/prettier?sponsor=1"
			}
		},
		"node_modules/prettier-plugin-multiline-arrays": {
			"version": "3.0.4",
			"license": "(MIT or CC0 1.0)",
			"peer": true,
			"dependencies": {
				"@augment-vir/common": "^23.3.4",
				"proxy-vir": "^1.0.0"
			},
			"peerDependencies": {
				"prettier": ">=3.0.0"
			}
		},
		"node_modules/proxy-vir": {
			"version": "1.0.0",
			"license": "(MIT or CC0 1.0)",
			"peer": true,
			"dependencies": {
				"@augment-vir/common": "^23.3.4"
			}
		},
		"node_modules/run-time-assertions": {
			"version": "1.0.0",
			"license": "(MIT or CC0 1.0)",
			"peer": true,
			"dependencies": {
				"@augment-vir/common": "^23.3.2",
				"expect-type": "~0.15.0",
				"type-fest": "^4.10.2"
			}
		},
		"node_modules/source-map": {
			"version": "0.5.7",
			"license": "BSD-3-Clause",
			"peer": true,
			"engines": {
				"node": ">=0.10.0"
			}
		},
		"node_modules/supports-color": {
			"version": "5.5.0",
			"license": "MIT",
			"peer": true,
			"dependencies": {
				"has-flag": "^3.0.0"
			},
			"engines": {
				"node": ">=4"
			}
		},
		"node_modules/to-fast-properties": {
			"version": "2.0.0",
			"license": "MIT",
			"peer": true,
			"engines": {
				"node": ">=4"
			}
		},
		"node_modules/type-fest": {
			"version": "4.10.3",
			"license": "(MIT OR CC0-1.0)",
			"peer": true,
			"engines": {
				"node": ">=16"
			},
			"funding": {
				"url": "https://github.com/sponsors/sindresorhus"
			}
		}
	}
}
