{
    "name": "@elgato/prettier-config",
    "version": "0.2.5",
    "lockfileVersion": 3,
    "requires": true,
    "packages": {
        "": {
            "name": "@elgato/prettier-config",
            "version": "0.2.5",
            "license": "MIT",
            "peerDependencies": {
                "@trivago/prettier-plugin-sort-imports": "^5.2.1",
                "prettier": "^3.4.2",
                "prettier-plugin-multiline-arrays": "^4.0.2"
            }
        },
        "node_modules/@augment-vir/assert": {
            "version": "31.8.0",
            "resolved": "https://registry.npmjs.org/@augment-vir/assert/-/assert-31.8.0.tgz",
            "integrity": "sha512-eRW+ILuZkMC+Ed1iKGo+cwZJbAqANnXfi/Q53OKbLroo0kZ6hYS6waJ559l3Awfxo8pKhBJtZ7uYW7amg17cxw==",
            "license": "(MIT or CC0 1.0)",
            "peer": true,
            "dependencies": {
                "@augment-vir/core": "^31.8.0",
                "@date-vir/duration": "^7.1.2",
                "deep-eql": "^5.0.2",
                "expect-type": "^1.1.0",
                "type-fest": "^4.32.0"
            },
            "engines": {
                "node": ">=22"
            }
        },
        "node_modules/@augment-vir/common": {
            "version": "31.8.0",
            "resolved": "https://registry.npmjs.org/@augment-vir/common/-/common-31.8.0.tgz",
            "integrity": "sha512-dYl5pCA22XVePOwtP//GU3NAPazml++8Ye3cpmwD0B034zV+Ss0msTL+bypWpBID/PoLvOBRhu7GMDo8GoEqOg==",
            "license": "(MIT or CC0 1.0)",
            "peer": true,
            "dependencies": {
                "@augment-vir/assert": "^31.8.0",
                "@augment-vir/core": "^31.8.0",
                "@date-vir/duration": "^7.1.2",
                "ansi-styles": "^6.2.1",
                "json5": "^2.2.3",
                "type-fest": "^4.32.0",
                "typed-event-target": "^4.0.2"
            },
            "engines": {
                "node": ">=22"
            }
        },
        "node_modules/@augment-vir/core": {
            "version": "31.8.0",
            "resolved": "https://registry.npmjs.org/@augment-vir/core/-/core-31.8.0.tgz",
            "integrity": "sha512-StehNJTNq56et+iQ/FI8mjqLbK+++AsHzv/P4+fI1V+HGVQ+dWDbE6OCuINlLKs17kMcFMhERYKUmJehCDUnBg==",
            "license": "(MIT or CC0 1.0)",
            "peer": true,
            "dependencies": {
                "@date-vir/duration": "^7.1.2",
                "browser-or-node": "^3.0.0",
                "json5": "^2.2.3",
                "type-fest": "^4.32.0"
            },
            "engines": {
                "node": ">=22"
            }
        },
        "node_modules/@babel/code-frame": {
            "version": "7.26.2",
            "resolved": "https://registry.npmjs.org/@babel/code-frame/-/code-frame-7.26.2.tgz",
            "integrity": "sha512-RJlIHRueQgwWitWgF8OdFYGZX328Ax5BCemNGlqHfplnRT9ESi8JkFlvaVYbS+UubVY6dpv87Fs2u5M29iNFVQ==",
            "license": "MIT",
            "peer": true,
            "dependencies": {
                "@babel/helper-validator-identifier": "^7.25.9",
                "js-tokens": "^4.0.0",
                "picocolors": "^1.0.0"
            },
            "engines": {
                "node": ">=6.9.0"
            }
        },
        "node_modules/@babel/generator": {
            "version": "7.26.5",
            "resolved": "https://registry.npmjs.org/@babel/generator/-/generator-7.26.5.tgz",
            "integrity": "sha512-2caSP6fN9I7HOe6nqhtft7V4g7/V/gfDsC3Ag4W7kEzzvRGKqiv0pu0HogPiZ3KaVSoNDhUws6IJjDjpfmYIXw==",
            "license": "MIT",
            "peer": true,
            "dependencies": {
                "@babel/parser": "^7.26.5",
                "@babel/types": "^7.26.5",
                "@jridgewell/gen-mapping": "^0.3.5",
                "@jridgewell/trace-mapping": "^0.3.25",
                "jsesc": "^3.0.2"
            },
            "engines": {
                "node": ">=6.9.0"
            }
        },
        "node_modules/@babel/helper-string-parser": {
            "version": "7.25.9",
            "resolved": "https://registry.npmjs.org/@babel/helper-string-parser/-/helper-string-parser-7.25.9.tgz",
            "integrity": "sha512-4A/SCr/2KLd5jrtOMFzaKjVtAei3+2r/NChoBNoZ3EyP/+GlhoaEGoWOZUmFmoITP7zOJyHIMm+DYRd8o3PvHA==",
            "license": "MIT",
            "peer": true,
            "engines": {
                "node": ">=6.9.0"
            }
        },
        "node_modules/@babel/helper-validator-identifier": {
            "version": "7.25.9",
            "resolved": "https://registry.npmjs.org/@babel/helper-validator-identifier/-/helper-validator-identifier-7.25.9.tgz",
            "integrity": "sha512-Ed61U6XJc3CVRfkERJWDz4dJwKe7iLmmJsbOGu9wSloNSFttHV0I8g6UAgb7qnK5ly5bGLPd4oXZlxCdANBOWQ==",
            "license": "MIT",
            "peer": true,
            "engines": {
                "node": ">=6.9.0"
            }
        },
        "node_modules/@babel/parser": {
            "version": "7.26.7",
            "resolved": "https://registry.npmjs.org/@babel/parser/-/parser-7.26.7.tgz",
            "integrity": "sha512-kEvgGGgEjRUutvdVvZhbn/BxVt+5VSpwXz1j3WYXQbXDo8KzFOPNG2GQbdAiNq8g6wn1yKk7C/qrke03a84V+w==",
            "license": "MIT",
            "peer": true,
            "dependencies": {
                "@babel/types": "^7.26.7"
            },
            "bin": {
                "parser": "bin/babel-parser.js"
            },
            "engines": {
                "node": ">=6.0.0"
            }
        },
        "node_modules/@babel/template": {
            "version": "7.25.9",
            "resolved": "https://registry.npmjs.org/@babel/template/-/template-7.25.9.tgz",
            "integrity": "sha512-9DGttpmPvIxBb/2uwpVo3dqJ+O6RooAFOS+lB+xDqoE2PVCE8nfoHMdZLpfCQRLwvohzXISPZcgxt80xLfsuwg==",
            "license": "MIT",
            "peer": true,
            "dependencies": {
                "@babel/code-frame": "^7.25.9",
                "@babel/parser": "^7.25.9",
                "@babel/types": "^7.25.9"
            },
            "engines": {
                "node": ">=6.9.0"
            }
        },
        "node_modules/@babel/traverse": {
            "version": "7.26.7",
            "resolved": "https://registry.npmjs.org/@babel/traverse/-/traverse-7.26.7.tgz",
            "integrity": "sha512-1x1sgeyRLC3r5fQOM0/xtQKsYjyxmFjaOrLJNtZ81inNjyJHGIolTULPiSc/2qe1/qfpFLisLQYFnnZl7QoedA==",
            "license": "MIT",
            "peer": true,
            "dependencies": {
                "@babel/code-frame": "^7.26.2",
                "@babel/generator": "^7.26.5",
                "@babel/parser": "^7.26.7",
                "@babel/template": "^7.25.9",
                "@babel/types": "^7.26.7",
                "debug": "^4.3.1",
                "globals": "^11.1.0"
            },
            "engines": {
                "node": ">=6.9.0"
            }
        },
        "node_modules/@babel/types": {
            "version": "7.26.7",
            "resolved": "https://registry.npmjs.org/@babel/types/-/types-7.26.7.tgz",
            "integrity": "sha512-t8kDRGrKXyp6+tjUh7hw2RLyclsW4TRoRvRHtSyAX9Bb5ldlFh+90YAYY6awRXrlB4G5G2izNeGySpATlFzmOg==",
            "license": "MIT",
            "peer": true,
            "dependencies": {
                "@babel/helper-string-parser": "^7.25.9",
                "@babel/helper-validator-identifier": "^7.25.9"
            },
            "engines": {
                "node": ">=6.9.0"
            }
        },
        "node_modules/@date-vir/duration": {
            "version": "7.1.2",
            "resolved": "https://registry.npmjs.org/@date-vir/duration/-/duration-7.1.2.tgz",
            "integrity": "sha512-RpQ+29HisknHauOx7lhlNZVtVhprnvdD7JzL1Tlhqw+H6BLb34Jro51fpuVwyetJ5CeJ8LbOIDuUjx0ZlEid0A==",
            "license": "(MIT or CC0 1.0)",
            "peer": true,
            "dependencies": {
                "@types/luxon": "^3.4.2",
                "luxon": "^3.5.0",
                "type-fest": "^4.31.0"
            },
            "engines": {
                "node": ">=22"
            }
        },
        "node_modules/@jridgewell/gen-mapping": {
            "version": "0.3.8",
            "resolved": "https://registry.npmjs.org/@jridgewell/gen-mapping/-/gen-mapping-0.3.8.tgz",
            "integrity": "sha512-imAbBGkb+ebQyxKgzv5Hu2nmROxoDOXHh80evxdoXNOrvAnVx7zimzc1Oo5h9RlfV4vPXaE2iM5pOFbvOCClWA==",
            "license": "MIT",
            "peer": true,
            "dependencies": {
                "@jridgewell/set-array": "^1.2.1",
                "@jridgewell/sourcemap-codec": "^1.4.10",
                "@jridgewell/trace-mapping": "^0.3.24"
            },
            "engines": {
                "node": ">=6.0.0"
            }
        },
        "node_modules/@jridgewell/resolve-uri": {
            "version": "3.1.2",
            "resolved": "https://registry.npmjs.org/@jridgewell/resolve-uri/-/resolve-uri-3.1.2.tgz",
            "integrity": "sha512-bRISgCIjP20/tbWSPWMEi54QVPRZExkuD9lJL+UIxUKtwVJA8wW1Trb1jMs1RFXo1CBTNZ/5hpC9QvmKWdopKw==",
            "license": "MIT",
            "peer": true,
            "engines": {
                "node": ">=6.0.0"
            }
        },
        "node_modules/@jridgewell/set-array": {
            "version": "1.2.1",
            "resolved": "https://registry.npmjs.org/@jridgewell/set-array/-/set-array-1.2.1.tgz",
            "integrity": "sha512-R8gLRTZeyp03ymzP/6Lil/28tGeGEzhx1q2k703KGWRAI1VdvPIXdG70VJc2pAMw3NA6JKL5hhFu1sJX0Mnn/A==",
            "license": "MIT",
            "peer": true,
            "engines": {
                "node": ">=6.0.0"
            }
        },
        "node_modules/@jridgewell/sourcemap-codec": {
            "version": "1.5.0",
            "resolved": "https://registry.npmjs.org/@jridgewell/sourcemap-codec/-/sourcemap-codec-1.5.0.tgz",
            "integrity": "sha512-gv3ZRaISU3fjPAgNsriBRqGWQL6quFx04YMPW/zD8XMLsU32mhCCbfbO6KZFLjvYpCZ8zyDEgqsgf+PwPaM7GQ==",
            "license": "MIT",
            "peer": true
        },
        "node_modules/@jridgewell/trace-mapping": {
            "version": "0.3.25",
            "resolved": "https://registry.npmjs.org/@jridgewell/trace-mapping/-/trace-mapping-0.3.25.tgz",
            "integrity": "sha512-vNk6aEwybGtawWmy/PzwnGDOjCkLWSD2wqvjGGAgOAwCGWySYXfYoxt00IJkTF+8Lb57DwOb3Aa0o9CApepiYQ==",
            "license": "MIT",
            "peer": true,
            "dependencies": {
                "@jridgewell/resolve-uri": "^3.1.0",
                "@jridgewell/sourcemap-codec": "^1.4.14"
            }
        },
        "node_modules/@trivago/prettier-plugin-sort-imports": {
            "version": "5.2.1",
            "resolved": "https://registry.npmjs.org/@trivago/prettier-plugin-sort-imports/-/prettier-plugin-sort-imports-5.2.1.tgz",
            "integrity": "sha512-NDZndt0fmVThIx/8cExuJHLZagUVzfGCoVrwH9x6aZvwfBdkrDFTYujecek6X2WpG4uUFsVaPg5+aNQPSyjcmw==",
            "license": "Apache-2.0",
            "peer": true,
            "dependencies": {
                "@babel/generator": "^7.26.2",
                "@babel/parser": "^7.26.2",
                "@babel/traverse": "^7.25.9",
                "@babel/types": "^7.26.0",
                "javascript-natural-sort": "^0.7.1",
                "lodash": "^4.17.21"
            },
            "engines": {
                "node": ">18.12"
            },
            "peerDependencies": {
                "@vue/compiler-sfc": "3.x",
                "prettier": "2.x - 3.x",
                "prettier-plugin-svelte": "3.x",
                "svelte": "4.x || 5.x"
            },
            "peerDependenciesMeta": {
                "@vue/compiler-sfc": {
                    "optional": true
                },
                "prettier-plugin-svelte": {
                    "optional": true
                },
                "svelte": {
                    "optional": true
                }
            }
        },
        "node_modules/@types/luxon": {
            "version": "3.4.2",
            "resolved": "https://registry.npmjs.org/@types/luxon/-/luxon-3.4.2.tgz",
            "integrity": "sha512-TifLZlFudklWlMBfhubvgqTXRzLDI5pCbGa4P8a3wPyUQSW+1xQ5eDsreP9DWHX3tjq1ke96uYG/nwundroWcA==",
            "license": "MIT",
            "peer": true
        },
        "node_modules/ansi-styles": {
            "version": "6.2.1",
            "resolved": "https://registry.npmjs.org/ansi-styles/-/ansi-styles-6.2.1.tgz",
            "integrity": "sha512-bN798gFfQX+viw3R7yrGWRqnrN2oRkEkUjjl4JNn4E8GxxbjtG3FbrEIIY3l8/hrwUwIeCZvi4QuOTP4MErVug==",
            "license": "MIT",
            "peer": true,
            "engines": {
                "node": ">=12"
            },
            "funding": {
                "url": "https://github.com/chalk/ansi-styles?sponsor=1"
            }
        },
        "node_modules/browser-or-node": {
            "version": "3.0.0",
            "resolved": "https://registry.npmjs.org/browser-or-node/-/browser-or-node-3.0.0.tgz",
            "integrity": "sha512-iczIdVJzGEYhP5DqQxYM9Hh7Ztpqqi+CXZpSmX8ALFs9ecXkQIeqRyM6TfxEfMVpwhl3dSuDvxdzzo9sUOIVBQ==",
            "license": "MIT",
            "peer": true
        },
        "node_modules/debug": {
            "version": "4.4.0",
            "resolved": "https://registry.npmjs.org/debug/-/debug-4.4.0.tgz",
            "integrity": "sha512-6WTZ/IxCY/T6BALoZHaE4ctp9xm+Z5kY/pzYaCHRFeyVhojxlrm+46y68HA6hr0TcwEssoxNiDEUJQjfPZ/RYA==",
            "license": "MIT",
            "peer": true,
            "dependencies": {
                "ms": "^2.1.3"
            },
            "engines": {
                "node": ">=6.0"
            },
            "peerDependenciesMeta": {
                "supports-color": {
                    "optional": true
                }
            }
        },
        "node_modules/deep-eql": {
            "version": "5.0.2",
            "resolved": "https://registry.npmjs.org/deep-eql/-/deep-eql-5.0.2.tgz",
            "integrity": "sha512-h5k/5U50IJJFpzfL6nO9jaaumfjO/f2NjK/oYB2Djzm4p9L+3T9qWpZqZ2hAbLPuuYq9wrU08WQyBTL5GbPk5Q==",
            "license": "MIT",
            "peer": true,
            "engines": {
                "node": ">=6"
            }
        },
        "node_modules/expect-type": {
            "version": "1.1.0",
            "resolved": "https://registry.npmjs.org/expect-type/-/expect-type-1.1.0.tgz",
            "integrity": "sha512-bFi65yM+xZgk+u/KRIpekdSYkTB5W1pEf0Lt8Q8Msh7b+eQ7LXVtIB1Bkm4fvclDEL1b2CZkMhv2mOeF8tMdkA==",
            "license": "Apache-2.0",
            "peer": true,
            "engines": {
                "node": ">=12.0.0"
            }
        },
        "node_modules/globals": {
            "version": "11.12.0",
            "resolved": "https://registry.npmjs.org/globals/-/globals-11.12.0.tgz",
            "integrity": "sha512-WOBp/EEGUiIsJSp7wcv/y6MO+lV9UoncWqxuFfm8eBwzWNgyfBd6Gz+IeKQ9jCmyhoH99g15M3T+QaVHFjizVA==",
            "license": "MIT",
            "peer": true,
            "engines": {
                "node": ">=4"
            }
        },
        "node_modules/javascript-natural-sort": {
            "version": "0.7.1",
            "resolved": "https://registry.npmjs.org/javascript-natural-sort/-/javascript-natural-sort-0.7.1.tgz",
            "integrity": "sha512-nO6jcEfZWQXDhOiBtG2KvKyEptz7RVbpGP4vTD2hLBdmNQSsCiicO2Ioinv6UI4y9ukqnBpy+XZ9H6uLNgJTlw==",
            "peer": true
        },
        "node_modules/js-tokens": {
            "version": "4.0.0",
            "resolved": "https://registry.npmjs.org/js-tokens/-/js-tokens-4.0.0.tgz",
            "integrity": "sha512-RdJUflcE3cUzKiMqQgsCu06FPu9UdIJO0beYbPhHN4k6apgJtifcoCtT9bcxOpYBtpD2kCM6Sbzg4CausW/PKQ==",
            "license": "MIT",
            "peer": true
        },
        "node_modules/jsesc": {
            "version": "3.1.0",
            "resolved": "https://registry.npmjs.org/jsesc/-/jsesc-3.1.0.tgz",
            "integrity": "sha512-/sM3dO2FOzXjKQhJuo0Q173wf2KOo8t4I8vHy6lF9poUp7bKT0/NHE8fPX23PwfhnykfqnC2xRxOnVw5XuGIaA==",
            "license": "MIT",
            "peer": true,
            "bin": {
                "jsesc": "bin/jsesc"
            },
            "engines": {
                "node": ">=6"
            }
        },
        "node_modules/json5": {
            "version": "2.2.3",
            "resolved": "https://registry.npmjs.org/json5/-/json5-2.2.3.tgz",
            "integrity": "sha512-XmOWe7eyHYH14cLdVPoyg+GOH3rYX++KpzrylJwSW98t3Nk+U8XOl8FWKOgwtzdb8lXGf6zYwDUzeHMWfxasyg==",
            "license": "MIT",
            "peer": true,
            "bin": {
                "json5": "lib/cli.js"
            },
            "engines": {
                "node": ">=6"
            }
        },
        "node_modules/lodash": {
            "version": "4.17.21",
            "resolved": "https://registry.npmjs.org/lodash/-/lodash-4.17.21.tgz",
            "integrity": "sha512-v2kDEe57lecTulaDIuNTPy3Ry4gLGJ6Z1O3vE1krgXZNrsQ+LFTGHVxVjcXPs17LhbZVGedAJv8XZ1tvj5FvSg==",
            "peer": true
        },
        "node_modules/luxon": {
            "version": "3.5.0",
            "resolved": "https://registry.npmjs.org/luxon/-/luxon-3.5.0.tgz",
            "integrity": "sha512-rh+Zjr6DNfUYR3bPwJEnuwDdqMbxZW7LOQfUN4B54+Cl+0o5zaU9RJ6bcidfDtC1cWCZXQ+nvX8bf6bAji37QQ==",
            "license": "MIT",
            "peer": true,
            "engines": {
                "node": ">=12"
            }
        },
        "node_modules/ms": {
            "version": "2.1.3",
            "resolved": "https://registry.npmjs.org/ms/-/ms-2.1.3.tgz",
            "integrity": "sha512-6FlzubTLZG3J2a/NVCAleEhjzq5oxgHyaCU9yYXvcLsvoVaHJq/s5xXI6/XXP6tz7R9xAOtHnSO/tXtF3WRTlA==",
            "license": "MIT",
            "peer": true
        },
        "node_modules/picocolors": {
            "version": "1.1.1",
            "resolved": "https://registry.npmjs.org/picocolors/-/picocolors-1.1.1.tgz",
            "integrity": "sha512-xceH2snhtb5M9liqDsmEw56le376mTZkEX/jEb/RxNFyegNul7eNslCXP9FDj/Lcu0X8KEyMceP2ntpaHrDEVA==",
            "license": "ISC",
            "peer": true
        },
        "node_modules/prettier": {
            "version": "3.4.2",
            "resolved": "https://registry.npmjs.org/prettier/-/prettier-3.4.2.tgz",
            "integrity": "sha512-e9MewbtFo+Fevyuxn/4rrcDAaq0IYxPGLvObpQjiZBMAzB9IGmzlnG9RZy3FFas+eBMu2vA0CszMeduow5dIuQ==",
            "license": "MIT",
            "peer": true,
            "bin": {
                "prettier": "bin/prettier.cjs"
            },
            "engines": {
                "node": ">=14"
            },
            "funding": {
                "url": "https://github.com/prettier/prettier?sponsor=1"
            }
        },
        "node_modules/prettier-plugin-multiline-arrays": {
            "version": "4.0.2",
            "resolved": "https://registry.npmjs.org/prettier-plugin-multiline-arrays/-/prettier-plugin-multiline-arrays-4.0.2.tgz",
            "integrity": "sha512-j8aWPMQl3QsTRR7e2HuNfwp429mB0IL1NQ8PjO0xq5W20O5L5h2XZ99vnqirceJizKhqhm8sOMmsmGcKEtlCFg==",
            "license": "(MIT or CC0 1.0)",
            "peer": true,
            "dependencies": {
                "@augment-vir/common": "^31.3.0",
                "proxy-vir": "^2.0.1"
            },
            "engines": {
                "node": ">=22"
            },
            "peerDependencies": {
                "prettier": ">=3.0.0"
            }
        },
        "node_modules/proxy-vir": {
            "version": "2.0.1",
            "resolved": "https://registry.npmjs.org/proxy-vir/-/proxy-vir-2.0.1.tgz",
            "integrity": "sha512-hjy5mWzHZhgRGh0f90f0Bz3VrGUe0T+AlhwnETakzRdvaN9RtPYLQG1+ZuEzSDK95FAhPYd26nEi1xVrXqvBwg==",
            "license": "(MIT or CC0 1.0)",
            "peer": true,
            "dependencies": {
                "@augment-vir/assert": "^31.1.0",
                "@augment-vir/common": "^31.1.0"
            },
            "engines": {
                "node": ">=22"
            }
        },
        "node_modules/type-fest": {
            "version": "4.33.0",
            "resolved": "https://registry.npmjs.org/type-fest/-/type-fest-4.33.0.tgz",
            "integrity": "sha512-s6zVrxuyKbbAsSAD5ZPTB77q4YIdRctkTbJ2/Dqlinwz+8ooH2gd+YA7VA6Pa93KML9GockVvoxjZ2vHP+mu8g==",
            "license": "(MIT OR CC0-1.0)",
            "peer": true,
            "engines": {
                "node": ">=16"
            },
            "funding": {
                "url": "https://github.com/sponsors/sindresorhus"
            }
        },
        "node_modules/typed-event-target": {
            "version": "4.0.2",
            "resolved": "https://registry.npmjs.org/typed-event-target/-/typed-event-target-4.0.2.tgz",
            "integrity": "sha512-vIAqC5HN/yuAn4+K4MFB6QBz4pAjp3se55KkRIbxX+EjGRyBJwbVasj2jgzUDhYeda9b0YbDng2N11A/bXvYwA==",
            "license": "(MIT or CC0 1.0)",
            "peer": true,
            "dependencies": {
                "@augment-vir/assert": "^30.3.0",
                "@augment-vir/common": "^30.3.0",
                "@augment-vir/core": "^30.3.0"
            },
            "engines": {
                "node": ">=22"
            }
        },
        "node_modules/typed-event-target/node_modules/@augment-vir/assert": {
            "version": "30.8.4",
            "resolved": "https://registry.npmjs.org/@augment-vir/assert/-/assert-30.8.4.tgz",
            "integrity": "sha512-kxak+lDEYo14pStluTCss+/wH05SqlSv3mEN/yBvtV5lMJBXhoPcJGMua7zWXNCEnOCGVU36+hDBwuh9IQxT/A==",
            "license": "(MIT or CC0 1.0)",
            "peer": true,
            "dependencies": {
                "@augment-vir/core": "^30.8.4",
                "@date-vir/duration": "^7.0.1",
                "deep-eql": "^5.0.2",
                "expect-type": "^1.1.0",
                "type-fest": "^4.29.0"
            },
            "engines": {
                "node": ">=22"
            }
        },
        "node_modules/typed-event-target/node_modules/@augment-vir/common": {
            "version": "30.8.4",
            "resolved": "https://registry.npmjs.org/@augment-vir/common/-/common-30.8.4.tgz",
            "integrity": "sha512-3w4WJOQKycuHmSod0BMjVyrUjHlHj+6vmabKvtRT96mz+b9Rstqg2EfM4zzlkuoM2k9biAbjeYSllwpmf631uQ==",
            "license": "(MIT or CC0 1.0)",
            "peer": true,
            "dependencies": {
                "@augment-vir/assert": "^30.8.4",
                "@augment-vir/core": "^30.8.4",
                "@date-vir/duration": "^7.0.1",
                "ansi-styles": "^6.2.1",
                "json5": "^2.2.3",
                "type-fest": "^4.29.0",
                "typed-event-target": "^4.0.2"
            },
            "engines": {
                "node": ">=22"
            }
        },
        "node_modules/typed-event-target/node_modules/@augment-vir/core": {
            "version": "30.8.4",
            "resolved": "https://registry.npmjs.org/@augment-vir/core/-/core-30.8.4.tgz",
            "integrity": "sha512-fOp0W+z2xkkkcH9lpsY6AUVp2vPbR5qo3fbVui9IrA4RJ6wXzio6+sP1yYw2iLJVmOOEYIWSbvZddDn+Ih6Ppw==",
            "license": "(MIT or CC0 1.0)",
            "peer": true,
            "dependencies": {
                "@date-vir/duration": "^7.0.1",
                "browser-or-node": "^3.0.0",
                "json5": "^2.2.3",
                "type-fest": "^4.29.0"
            },
            "engines": {
                "node": ">=22"
            }
        }
    }
}
